
Microsoft Visual Studio Solution File, Format Version 12.00
# Visual Studio Version 17
VisualStudioVersion = 17.8.34330.188
MinimumVisualStudioVersion = 10.0.40219.1
Project("{9A19103F-16F7-4668-BE54-9A1E7A4F7556}") = "TestAndBuidDevOps", "TestAndBuidDevOps\TestAndBuidDevOps.csproj", "{3B476274-5830-4553-9258-FF50734685A3}"
EndProject
Project("{9A19103F-16F7-4668-BE54-9A1E7A4F7556}") = "Domain", "Domain\Domain.csproj", "{49E87C8E-DF13-47A3-87C4-9FF664DD5EAB}"
EndProject
Project("{2150E333-8FDC-42A3-9474-1A3956D46DE8}") = "Solution Items", "Solution Items", "{0A94145D-6400-4CA3-AA61-D923F7BC83E7}"
	ProjectSection(SolutionItems) = preProject
		.gitlab-ci.yml = .gitlab-ci.yml
		.gitpod.yml = .gitpod.yml
		add.yml = add.yml
		deployment.yml = deployment.yml
		Dockerfile = Dockerfile
		gitlab-chart.yaml = gitlab-chart.yaml
		service-account.yml = service-account.yml
		values.yml = values.yml
	EndProjectSection
EndProject
Project("{2150E333-8FDC-42A3-9474-1A3956D46DE8}") = "nginx", "nginx", "{ADD48AC3-4844-4E3F-9105-B7A9AE1C3C60}"
	ProjectSection(SolutionItems) = preProject
		nginx.conf = nginx.conf
	EndProjectSection
EndProject
Global
	GlobalSection(SolutionConfigurationPlatforms) = preSolution
		Debug|Any CPU = Debug|Any CPU
		Release|Any CPU = Release|Any CPU
	EndGlobalSection
	GlobalSection(ProjectConfigurationPlatforms) = postSolution
		{3B476274-5830-4553-9258-FF50734685A3}.Debug|Any CPU.ActiveCfg = Debug|Any CPU
		{3B476274-5830-4553-9258-FF50734685A3}.Debug|Any CPU.Build.0 = Debug|Any CPU
		{3B476274-5830-4553-9258-FF50734685A3}.Release|Any CPU.ActiveCfg = Release|Any CPU
		{3B476274-5830-4553-9258-FF50734685A3}.Release|Any CPU.Build.0 = Release|Any CPU
		{49E87C8E-DF13-47A3-87C4-9FF664DD5EAB}.Debug|Any CPU.ActiveCfg = Debug|Any CPU
		{49E87C8E-DF13-47A3-87C4-9FF664DD5EAB}.Debug|Any CPU.Build.0 = Debug|Any CPU
		{49E87C8E-DF13-47A3-87C4-9FF664DD5EAB}.Release|Any CPU.ActiveCfg = Release|Any CPU
		{49E87C8E-DF13-47A3-87C4-9FF664DD5EAB}.Release|Any CPU.Build.0 = Release|Any CPU
	EndGlobalSection
	GlobalSection(SolutionProperties) = preSolution
		HideSolutionNode = FALSE
	EndGlobalSection
	GlobalSection(ExtensibilityGlobals) = postSolution
		SolutionGuid = {4ABAD953-7A26-410A-872E-A63B37C6EF5F}
	EndGlobalSection
EndGlobal
